
Microsoft Visual Studio Solution File, Format Version 12.00
# Visual Studio Version 16
VisualStudioVersion = 16.0.31729.503
MinimumVisualStudioVersion = 10.0.40219.1
Project("{FAE04EC0-301F-11D3-BF4B-00C04F79EFBC}") = "Examen1erPOO", "Examen1erPOO\Examen1erPOO.csproj", "{9E1C7F99-870D-4980-A760-B949E8869BE7}"
EndProject
Global
	GlobalSection(SolutionConfigurationPlatforms) = preSolution
		Debug|Any CPU = Debug|Any CPU
		Release|Any CPU = Release|Any CPU
	EndGlobalSection
	GlobalSection(ProjectConfigurationPlatforms) = postSolution
		{9E1C7F99-870D-4980-A760-B949E8869BE7}.Debug|Any CPU.ActiveCfg = Debug|Any CPU
		{9E1C7F99-870D-4980-A760-B949E8869BE7}.Debug|Any CPU.Build.0 = Debug|Any CPU
		{9E1C7F99-870D-4980-A760-B949E8869BE7}.Release|Any CPU.ActiveCfg = Release|Any CPU
		{9E1C7F99-870D-4980-A760-B949E8869BE7}.Release|Any CPU.Build.0 = Release|Any CPU
	EndGlobalSection
	GlobalSection(SolutionProperties) = preSolution
		HideSolutionNode = FALSE
	EndGlobalSection
	GlobalSection(ExtensibilityGlobals) = postSolution
		SolutionGuid = {3803941D-C924-49F6-9AE9-1ACD6E718AD7}
	EndGlobalSection
EndGlobal
